
Microsoft Visual Studio Solution File, Format Version 12.00
# Visual Studio 15
VisualStudioVersion = 15.0.28307.1321
MinimumVisualStudioVersion = 10.0.40219.1
Project("{FAE04EC0-301F-11D3-BF4B-00C04F79EFBC}") = "01_StringBuilderSubstring", "01_StringBuilderSubstring\01_StringBuilderSubstring.csproj", "{8082C4C6-5FB8-4D85-BE12-E7EFC68D9774}"
EndProject
Global
	GlobalSection(SolutionConfigurationPlatforms) = preSolution
		Debug|Any CPU = Debug|Any CPU
		Release|Any CPU = Release|Any CPU
	EndGlobalSection
	GlobalSection(ProjectConfigurationPlatforms) = postSolution
		{8082C4C6-5FB8-4D85-BE12-E7EFC68D9774}.Debug|Any CPU.ActiveCfg = Debug|Any CPU
		{8082C4C6-5FB8-4D85-BE12-E7EFC68D9774}.Debug|Any CPU.Build.0 = Debug|Any CPU
		{8082C4C6-5FB8-4D85-BE12-E7EFC68D9774}.Release|Any CPU.ActiveCfg = Release|Any CPU
		{8082C4C6-5FB8-4D85-BE12-E7EFC68D9774}.Release|Any CPU.Build.0 = Release|Any CPU
	EndGlobalSection
	GlobalSection(SolutionProperties) = preSolution
		HideSolutionNode = FALSE
	EndGlobalSection
	GlobalSection(ExtensibilityGlobals) = postSolution
		SolutionGuid = {6FD5D6CE-F901-4CC7-B4BF-A8BDF4CF99BF}
	EndGlobalSection
EndGlobal
